lockfileVersion: '9.0'

settings:
  autoInstallPeers: true
  excludeLinksFromLockfile: false

importers:

  .:
    devDependencies:
      '@j178/prek':
        specifier: ^0.4.14
        version: 0.4.14
      '@ohos-rs/oxk':
        specifier: ^0.7.0
        version: 0.7.2(@emnapi/core@1.11.3)(@emnapi/runtime@1.11.3)

packages:

  '@emnapi/core@1.11.3':
    resolution: {integrity: sha512-zLpS5asjEb7lq8jYLq37N6XKaE41DIexlY1rF/z4/tIl3wo13Sqm28fRyfIsKZD+NZ8mM5RoKkpW/rBcuoSZSg==}

  '@emnapi/runtime@1.11.3':
    resolution: {integrity: sha512-Xz4Tpyki7XyrpbUK1jR1AhdAdaXyhhY4lZ3neLodmhpuWfy2PAQN5B46sAiU4liOXGLkHypn/qU+jvfWSCYYLA==}

  '@emnapi/wasi-threads@1.2.3':
    resolution: {integrity: sha512-ELEBe8PsLvvJ6QMr0zLt8ffvOHW/dc1m3CEzNMg7aJUv3bMaoDtw2TXyDAwkYBuroxxuHEwhRTLJSe5sya547g==}

  '@j178/prek-android-arm64@0.4.14':
    resolution: {integrity: sha512-GTpEk14YooeltrXbcOMsIPXoAj8YXrr0wQ5ck1CgHqptpiRmmjvJg+PvF0ZtFQg/tEaKh7cUd6QxuPPm8nF9gw==}
    engines: {node: '>=18'}
    cpu: [arm64]
    os: [android]

  '@j178/prek-darwin-arm64@0.4.14':
    resolution: {integrity: sha512-uJbOVLLn0ags2uKJ1g1d9xRFTvbhlrsnRg5SAU5g9tSCx82eMZ5TQlt7GpELtbimJSDg2lfrJZnmXqW5FevWqQ==}
    engines: {node: '>=18'}
    cpu: [arm64]
    os: [darwin]

  '@j178/prek-darwin-x64@0.4.14':
    resolution: {integrity: sha512-ZpSk1AqyEw302HTKP4j8cwGR/7fSs3BMH0QxdreYWCrkE1cigpbcbpLQa+mOovbRz/ye3s++O2XuO4m+3+LqpA==}
    engines: {node: '>=18'}
    cpu: [x64]
    os: [darwin]

  '@j178/prek-linux-arm-gnueabihf@0.4.14':
    resolution: {integrity: sha512-cjVYzK9kRdpUrVEKglzAFcISXyL5k4GnXhRz+h580aew5vpWljjNzFb/wzIUeHBPMCrG+gK8hfUApVtUauZD2Q==}
    engines: {node: '>=18'}
    cpu: [arm]
    os: [linux]
    libc: [glibc]

  '@j178/prek-linux-arm-musleabihf@0.4.14':
    resolution: {integrity: sha512-HfSuYdl6kD1t+ePqFMgnac+MoMLu9qcHR16XLWFtBmao8VHqzsz/Yq6BLLZa3yyyvv3ah+aY+02ykvursIC/Vg==}
    engines: {node: '>=18'}
    cpu: [arm]
    os: [linux]
    libc: [musl]

  '@j178/prek-linux-arm64-gnu@0.4.14':
    resolution: {integrity: sha512-AucV841FWZsLpccho7jIQWKlUSMHOXbir+zFgvWk7ZhKoXLhvrXUOvWbjF+UrIM5r6IoZCvg8fb3h2nMjBem8g==}
    engines: {node: '>=18'}
    cpu: [arm64]
    os: [linux]
    libc: [glibc]

  '@j178/prek-linux-arm64-musl@0.4.14':
    resolution: {integrity: sha512-YSPkB4xTyguFFAkkXniXI2Fh6rClIk0hfjrbj2uUKYTAq6VHnrF6gyBf0IaAQd7N/u53RhXJQr5Zd1QMiSpkDQ==}
    engines: {node: '>=18'}
    cpu: [arm64]
    os: [linux]
    libc: [musl]

  '@j178/prek-linux-armv7-musleabihf@0.4.14':
    resolution: {integrity: sha512-F+axK/S1G459ZiXhkYRtvvoYiP2T8s3H9OY9qvkOn64G19Fqo6kqvT0c8h3CwaV7+CZmBfrS6Ncy3kI5qT1OFw==}
    engines: {node: '>=18'}
    cpu: [arm]
    os: [linux]
    libc: [musl]

  '@j178/prek-linux-ia32-gnu@0.4.14':
    resolution: {integrity: sha512-ltu0OqYJikW8DSuOMLdRlwgZ2YbuUJlaYyGJH560gcaMC1kMmeVVgKb4j/GozQwN7H2TQsRWCVDHpr9ypOCgUw==}
    engines: {node: '>=18'}
    cpu: [ia32]
    os: [linux]
    libc: [glibc]

  '@j178/prek-linux-ia32-musl@0.4.14':
    resolution: {integrity: sha512-wL/3t5tXuLsUJBbEKt/W0j4oOli4C+gOmwNyt3t0kqc5oQLYlsna5zzezoK6G9iTQ2gfTQF+3hOsdVe4f9vwCg==}
    engines: {node: '>=18'}
    cpu: [ia32]
    os: [linux]
    libc: [musl]

  '@j178/prek-linux-riscv64-gnu@0.4.14':
    resolution: {integrity: sha512-xJLMyjZDcIohJQ97xKmIaDC2CXQnYFZQk2/oPf5rMtQOtSp/WoNb4zHQsDfXbp942O62eHTB8HrQUZ19Bh7roA==}
    engines: {node: '>=18'}
    cpu: [riscv64]
    os: [linux]
    libc: [glibc]

  '@j178/prek-linux-s390x-gnu@0.4.14':
    resolution: {integrity: sha512-q99kiIbYGk56ziasIfL3JxlBZ4xzDG238HP9Yhtrr0f0x46t6fCZ9p7vQyZFKXFeHi8e/mCTRztMY3jUx/6L8A==}
    engines: {node: '>=18'}
    cpu: [s390x]
    os: [linux]
    libc: [glibc]

  '@j178/prek-linux-x64-gnu@0.4.14':
    resolution: {integrity: sha512-OfBqc3Q9lOWtMZvXpY1myOLZrSGtUeBOiJR0YoZb2YCP/rZ5POk/0JBaH8zabJgwBtYWHtjlPZ/Fty5ml0YExw==}
    engines: {node: '>=18'}
    cpu: [x64]
    os: [linux]
    libc: [glibc]

  '@j178/prek-linux-x64-musl@0.4.14':
    resolution: {integrity: sha512-bgIi/mRRDrZmrQ0wFWEC3mddJuVxiFdBIKWd/F+Qq0VkLwdwhOE62xsKEyQ4yr3Xu6UJkOTjLwGwMuVtnYE6Cg==}
    engines: {node: '>=18'}
    cpu: [x64]
    os: [linux]
    libc: [musl]

  '@j178/prek-win32-arm64-msvc@0.4.14':
    resolution: {integrity: sha512-NR50TLCoezu3wqkY6qwdOkhVnI3EUCbCYSbxmWALTlOxe/r/GFHRuIR92HLf0egNDdreKgBArF39MYynJGehLA==}
    engines: {node: '>=18'}
    cpu: [arm64]
    os: [win32]

  '@j178/prek-win32-ia32-msvc@0.4.14':
    resolution: {integrity: sha512-HrH4TXMxX8CwJe6GhA7/xeJnqs/I5kAG01Khyiy8346RwhWhxQbmfmk2vy8CtnpONPTgzsWqd6o2QSTQ8+pLPg==}
    engines: {node: '>=18'}
    cpu: [ia32]
    os: [win32]

  '@j178/prek-win32-x64-msvc@0.4.14':
    resolution: {integrity: sha512-Dft4G8/nmL90aEc24vuTOYGHE5Kop6alRWMWvxlSIVo4veedTMIG+MBFzwamfKjKvaAAFG1sEXKRxlkzxAw2YQ==}
    engines: {node: '>=18'}
    cpu: [x64]
    os: [win32]

  '@j178/prek@0.4.14':
    resolution: {integrity: sha512-MoLivxEG7LZK5dDTE0ItTZ4dMCOzr3Ln4JW4KUvsSqP3XI0Vokf1PrIb4fkrU58u2tpatFLQPU9dCSlIenGBAg==}
    engines: {node: '>=18'}
    hasBin: true

  '@napi-rs/wasm-runtime@1.2.3':
    resolution: {integrity: sha512-UMduMbqO5s5zF2NkNacMT/yK5Y5QiKvWr2+50bzIIxFDwVJ2h49b+oyjaCGPhJxd2/gC2x39EHv/gHVuu36x2Q==}
    engines: {node: ^20.19.0 || ^22.13.0 || >=23.5.0}
    peerDependencies:
      '@emnapi/core': ^1.7.1 || ^2.0.0-alpha.4
      '@emnapi/runtime': ^1.7.1 || ^2.0.0-alpha.4

  '@ohos-rs/oxk-android-arm-eabi@0.7.2':
    resolution: {integrity: sha512-WJfgxU8KVt+6sZlrkTbJQ/FMHqpgoHwXFZ0wo4rDTCRpUsS7NwQOlnPCD9FbGCrm/Vmfm6ROF+jMK6sAkTyotA==}
    engines: {node: ^20.19.0 || >=22.18.0}
    cpu: [arm]
    os: [android]

  '@ohos-rs/oxk-android-arm64@0.7.2':
    resolution: {integrity: sha512-mrZ+Zoi6qO/njqy1jWzIe0NakDjp4VbiBBSGYI/P00QY+EPAbF+E1I4LjEMYt5yGRWKDOiZgmXoM+mFJnEFBtg==}
    engines: {node: ^20.19.0 || >=22.18.0}
    cpu: [arm64]
    os: [android]

  '@ohos-rs/oxk-darwin-arm64@0.7.2':
    resolution: {integrity: sha512-y/qIo66L60Q8pgfq4eHaukdwpwimDU9BfxoF5N2apTAoClf3qiO9pMKIIcTU6FjUCnW4j9eQLs3ARN1asJ+fIg==}
    engines: {node: ^20.19.0 || >=22.18.0}
    cpu: [arm64]
    os: [darwin]

  '@ohos-rs/oxk-darwin-x64@0.7.2':
    resolution: {integrity: sha512-wRsChAcoB4rbYOdsUe5rcwksIj8PyxseSE5sy34GzmkyPwo4sV0JYUlG+jM9ovXhyuCfLKJtzBqrcC3nTDi1Hg==}
    engines: {node: ^20.19.0 || >=22.18.0}
    cpu: [x64]
    os: [darwin]

  '@ohos-rs/oxk-freebsd-x64@0.7.2':
    resolution: {integrity: sha512-xIa0OkZKTMkYqZ1V7noYYGAj5qDIYr4y22v56qNk0gCRlbSvKn0NdEiBcj4nvZAEtGlaVYbUYQguCfl5zXNwJg==}
    engines: {node: ^20.19.0 || >=22.18.0}
    cpu: [x64]
    os: [freebsd]

  '@ohos-rs/oxk-linux-arm-gnueabihf@0.7.2':
    resolution: {integrity: sha512-dHbjcw42868poAVNCDOUJSCAhe4icYWXbdURKNzGQuFobmGQFWpDgSkRjY2NdnQVKjW2SeeMBitsApArEXhjOw==}
    engines: {node: ^20.19.0 || >=22.18.0}
    cpu: [arm]
    os: [linux]

  '@ohos-rs/oxk-linux-arm64-gnu@0.7.2':
    resolution: {integrity: sha512-zm/m/6er9ls0100vbGfHG/Ye2nb9SXV90EqJprtKCEgmzqNI6Xs9ED7/qjoLcq9gRI+TVUgTeXKaEcTAyjcymg==}
    engines: {node: ^20.19.0 || >=22.18.0}
    cpu: [arm64]
    os: [linux]
    libc: [glibc]

  '@ohos-rs/oxk-linux-arm64-musl@0.7.2':
    resolution: {integrity: sha512-XaNKi2z37E3u/1rP7Fk4TboM4M7If9qQz6bZC0+i4ZOVIHyXxbrpIHouYDyWHbqGn4lJtKkIwsglBj8UFqVouw==}
    engines: {node: ^20.19.0 || >=22.18.0}
    cpu: [arm64]
    os: [linux]
    libc: [musl]

  '@ohos-rs/oxk-linux-x64-gnu@0.7.2':
    resolution: {integrity: sha512-w8MZ664iHJtMycUQSVnnXCI7FC7SyKUuP0FrwPvnjcRNV0pWpvfwxhxxr35jQE41xG85M4KFLsQ+HN0873xWLw==}
    engines: {node: ^20.19.0 || >=22.18.0}
    cpu: [x64]
    os: [linux]
    libc: [glibc]

  '@ohos-rs/oxk-linux-x64-musl@0.7.2':
    resolution: {integrity: sha512-Vzqs/nvBt3Bd5VUfdAtm6/1dqcWL+2pp87XCEuuOQbJihK0rzSP5eVCYMH8ZOCPoiS7CRJDs+lX3G99RFKH2Tw==}
    engines: {node: ^20.19.0 || >=22.18.0}
    cpu: [x64]
    os: [linux]
    libc: [musl]

  '@ohos-rs/oxk-wasm32-wasi@0.7.2':
    resolution: {integrity: sha512-vHz0Bs+Quphe8Gxr7UAwfFc6a7iI/KdqGEUrAS0cDHQRBbpyLlofOP24Fc9f0jZrcyNmjxurW23ANL5xwLbbng==}
    engines: {node: '>=14.0.0'}
    cpu: [wasm32]

  '@ohos-rs/oxk-win32-arm64-msvc@0.7.2':
    resolution: {integrity: sha512-VxpVTAuhbC4wmoGRMyiSHhqboO6E5Uu8f2fh2OnXYWYZq9g5aePI8a2+bVPTe8I4YdMeY1YMEN2q2BAzsoMr7Q==}
    engines: {node: ^20.19.0 || >=22.18.0}
    cpu: [arm64]
    os: [win32]

  '@ohos-rs/oxk-win32-ia32-msvc@0.7.2':
    resolution: {integrity: sha512-AdiyR4SdDyNKJkS+Y+w1kiaHbAo5bNYwpI4olETEl6/5ccafLG7+ulkA2TiEBBsHfDjdLNDaav4/AjKAbdh2kQ==}
    engines: {node: ^20.19.0 || >=22.18.0}
    cpu: [ia32]
    os: [win32]

  '@ohos-rs/oxk-win32-x64-msvc@0.7.2':
    resolution: {integrity: sha512-pPuYRDL1zvZhHv+ySZaKbeF4dB4WSw5w8CNXujofJ98E4R735ndpS2+34L8umUR+7DF48Xmp62nlAytMd7FNEA==}
    engines: {node: ^20.19.0 || >=22.18.0}
    cpu: [x64]
    os: [win32]

  '@ohos-rs/oxk@0.7.2':
    resolution: {integrity: sha512-sUqnEwvYRSYlAZUxcxOxQ9TFz48DLCPvhrsJYck/o//jfjy8xMrrJ8nVXg0VAAwFqwrnlUJnEM/DD6sTi5uHtw==}
    engines: {node: ^20.19.0 || >=22.18.0}
    hasBin: true
    peerDependencies:
      vite-plus: '*'
    peerDependenciesMeta:
      vite-plus:
        optional: true

  '@tybys/wasm-util@0.10.3':
    resolution: {integrity: sha512-F3fo1MYrRJYL3zER0OUOmkutjr1Vp23m7OsSgp7nq4SP6OqX6C/56XFIPAl5bt3zaBRjmW7SGz3u/6LwFpYcOg==}

  prettier@3.9.6:
    resolution: {integrity: sha512-OpN0zzVdiaiAhxpuuj5efpIS4sY9j7bY6uR5mnj5yPzGkdkjNKSJeUThPb60Jw29QuAZgA4o+/iB49kFiaBX6g==}
    engines: {node: '>=14'}
    hasBin: true

  tslib@2.8.1:
    resolution: {integrity: sha512-oJFu94HQb+KVduSUQL7wnpmqnfmLsOA/nAh6b6EH0wCEoK0/mPeXU6c3wKDV83MkOuHPRHtSXKKU99IBazS/2w==}

snapshots:

  '@emnapi/core@1.11.3':
    dependencies:
      '@emnapi/wasi-threads': 1.2.3
      tslib: 2.8.1
    optional: true

  '@emnapi/runtime@1.11.3':
    dependencies:
      tslib: 2.8.1
    optional: true

  '@emnapi/wasi-threads@1.2.3':
    dependencies:
      tslib: 2.8.1
    optional: true

  '@j178/prek-android-arm64@0.4.14':
    optional: true

  '@j178/prek-darwin-arm64@0.4.14':
    optional: true

  '@j178/prek-darwin-x64@0.4.14':
    optional: true

  '@j178/prek-linux-arm-gnueabihf@0.4.14':
    optional: true

  '@j178/prek-linux-arm-musleabihf@0.4.14':
    optional: true

  '@j178/prek-linux-arm64-gnu@0.4.14':
    optional: true

  '@j178/prek-linux-arm64-musl@0.4.14':
    optional: true

  '@j178/prek-linux-armv7-musleabihf@0.4.14':
    optional: true

  '@j178/prek-linux-ia32-gnu@0.4.14':
    optional: true

  '@j178/prek-linux-ia32-musl@0.4.14':
    optional: true

  '@j178/prek-linux-riscv64-gnu@0.4.14':
    optional: true

  '@j178/prek-linux-s390x-gnu@0.4.14':
    optional: true

  '@j178/prek-linux-x64-gnu@0.4.14':
    optional: true

  '@j178/prek-linux-x64-musl@0.4.14':
    optional: true

  '@j178/prek-win32-arm64-msvc@0.4.14':
    optional: true

  '@j178/prek-win32-ia32-msvc@0.4.14':
    optional: true

  '@j178/prek-win32-x64-msvc@0.4.14':
    optional: true

  '@j178/prek@0.4.14':
    optionalDependencies:
      '@j178/prek-android-arm64': 0.4.14
      '@j178/prek-darwin-arm64': 0.4.14
      '@j178/prek-darwin-x64': 0.4.14
      '@j178/prek-linux-arm-gnueabihf': 0.4.14
      '@j178/prek-linux-arm-musleabihf': 0.4.14
      '@j178/prek-linux-arm64-gnu': 0.4.14
      '@j178/prek-linux-arm64-musl': 0.4.14
      '@j178/prek-linux-armv7-musleabihf': 0.4.14
      '@j178/prek-linux-ia32-gnu': 0.4.14
      '@j178/prek-linux-ia32-musl': 0.4.14
      '@j178/prek-linux-riscv64-gnu': 0.4.14
      '@j178/prek-linux-s390x-gnu': 0.4.14
      '@j178/prek-linux-x64-gnu': 0.4.14
      '@j178/prek-linux-x64-musl': 0.4.14
      '@j178/prek-win32-arm64-msvc': 0.4.14
      '@j178/prek-win32-ia32-msvc': 0.4.14
      '@j178/prek-win32-x64-msvc': 0.4.14

  '@napi-rs/wasm-runtime@1.2.3(@emnapi/core@1.11.3)(@emnapi/runtime@1.11.3)':
    dependencies:
      '@emnapi/core': 1.11.3
      '@emnapi/runtime': 1.11.3
      '@tybys/wasm-util': 0.10.3
    optional: true

  '@ohos-rs/oxk-android-arm-eabi@0.7.2':
    optional: true

  '@ohos-rs/oxk-android-arm64@0.7.2':
    optional: true

  '@ohos-rs/oxk-darwin-arm64@0.7.2':
    optional: true

  '@ohos-rs/oxk-darwin-x64@0.7.2':
    optional: true

  '@ohos-rs/oxk-freebsd-x64@0.7.2':
    optional: true

  '@ohos-rs/oxk-linux-arm-gnueabihf@0.7.2':
    optional: true

  '@ohos-rs/oxk-linux-arm64-gnu@0.7.2':
    optional: true

  '@ohos-rs/oxk-linux-arm64-musl@0.7.2':
    optional: true

  '@ohos-rs/oxk-linux-x64-gnu@0.7.2':
    optional: true

  '@ohos-rs/oxk-linux-x64-musl@0.7.2':
    optional: true

  '@ohos-rs/oxk-wasm32-wasi@0.7.2(@emnapi/core@1.11.3)(@emnapi/runtime@1.11.3)':
    dependencies:
      '@napi-rs/wasm-runtime': 1.2.3(@emnapi/core@1.11.3)(@emnapi/runtime@1.11.3)
    transitivePeerDependencies:
      - '@emnapi/core'
      - '@emnapi/runtime'
    optional: true

  '@ohos-rs/oxk-win32-arm64-msvc@0.7.2':
    optional: true

  '@ohos-rs/oxk-win32-ia32-msvc@0.7.2':
    optional: true

  '@ohos-rs/oxk-win32-x64-msvc@0.7.2':
    optional: true

  '@ohos-rs/oxk@0.7.2(@emnapi/core@1.11.3)(@emnapi/runtime@1.11.3)':
    dependencies:
      prettier: 3.9.6
    optionalDependencies:
      '@ohos-rs/oxk-android-arm-eabi': 0.7.2
      '@ohos-rs/oxk-android-arm64': 0.7.2
      '@ohos-rs/oxk-darwin-arm64': 0.7.2
      '@ohos-rs/oxk-darwin-x64': 0.7.2
      '@ohos-rs/oxk-freebsd-x64': 0.7.2
      '@ohos-rs/oxk-linux-arm-gnueabihf': 0.7.2
      '@ohos-rs/oxk-linux-arm64-gnu': 0.7.2
      '@ohos-rs/oxk-linux-arm64-musl': 0.7.2
      '@ohos-rs/oxk-linux-x64-gnu': 0.7.2
      '@ohos-rs/oxk-linux-x64-musl': 0.7.2
      '@ohos-rs/oxk-wasm32-wasi': 0.7.2(@emnapi/core@1.11.3)(@emnapi/runtime@1.11.3)
      '@ohos-rs/oxk-win32-arm64-msvc': 0.7.2
      '@ohos-rs/oxk-win32-ia32-msvc': 0.7.2
      '@ohos-rs/oxk-win32-x64-msvc': 0.7.2
    transitivePeerDependencies:
      - '@emnapi/core'
      - '@emnapi/runtime'

  '@tybys/wasm-util@0.10.3':
    dependencies:
      tslib: 2.8.1
    optional: true

  prettier@3.9.6: {}

  tslib@2.8.1:
    optional: true
